
Microsoft Visual Studio Solution File, Format Version 12.00
# Visual Studio Version 17
VisualStudioVersion = 17.7.34031.279
MinimumVisualStudioVersion = 10.0.40219.1
Project("{FAE04EC0-301F-11D3-BF4B-00C04F79EFBC}") = "obiektowe", "obiektowe\obiektowe.csproj", "{11EBCE9A-6F29-47C4-83A7-1E6CE3D1C669}"
EndProject
Global
	GlobalSection(SolutionConfigurationPlatforms) = preSolution
		Debug|Any CPU = Debug|Any CPU
		Release|Any CPU = Release|Any CPU
	EndGlobalSection
	GlobalSection(ProjectConfigurationPlatforms) = postSolution
		{11EBCE9A-6F29-47C4-83A7-1E6CE3D1C669}.Debug|Any CPU.ActiveCfg = Debug|Any CPU
		{11EBCE9A-6F29-47C4-83A7-1E6CE3D1C669}.Debug|Any CPU.Build.0 = Debug|Any CPU
		{11EBCE9A-6F29-47C4-83A7-1E6CE3D1C669}.Release|Any CPU.ActiveCfg = Release|Any CPU
		{11EBCE9A-6F29-47C4-83A7-1E6CE3D1C669}.Release|Any CPU.Build.0 = Release|Any CPU
	EndGlobalSection
	GlobalSection(SolutionProperties) = preSolution
		HideSolutionNode = FALSE
	EndGlobalSection
	GlobalSection(ExtensibilityGlobals) = postSolution
		SolutionGuid = {BF2B5D4A-E78C-4DAA-91A5-08261E322E05}
	EndGlobalSection
EndGlobal
